
Microsoft Visual Studio Solution File, Format Version 12.00
# Visual Studio Version 17
VisualStudioVersion = 17.9.34622.214
MinimumVisualStudioVersion = 10.0.40219.1
Project("{FAE04EC0-301F-11D3-BF4B-00C04F79EFBC}") = "Hospital-HospitalService", "Hospital-HospitalService\Hospital-HospitalService.csproj", "{6AA4F304-DF8C-44D0-BED0-3E318C279CC3}"
EndProject
Global
	GlobalSection(SolutionConfigurationPlatforms) = preSolution
		Debug|Any CPU = Debug|Any CPU
		Release|Any CPU = Release|Any CPU
	EndGlobalSection
	GlobalSection(ProjectConfigurationPlatforms) = postSolution
		{6AA4F304-DF8C-44D0-BED0-3E318C279CC3}.Debug|Any CPU.ActiveCfg = Debug|Any CPU
		{6AA4F304-DF8C-44D0-BED0-3E318C279CC3}.Debug|Any CPU.Build.0 = Debug|Any CPU
		{6AA4F304-DF8C-44D0-BED0-3E318C279CC3}.Release|Any CPU.ActiveCfg = Release|Any CPU
		{6AA4F304-DF8C-44D0-BED0-3E318C279CC3}.Release|Any CPU.Build.0 = Release|Any CPU
	EndGlobalSection
	GlobalSection(SolutionProperties) = preSolution
		HideSolutionNode = FALSE
	EndGlobalSection
	GlobalSection(ExtensibilityGlobals) = postSolution
		SolutionGuid = {A6DC7700-AED0-4EF3-810F-F7D419EA562D}
	EndGlobalSection
EndGlobal
